
Microsoft Visual Studio Solution File, Format Version 12.00
Project("{FAE04EC0-301F-11D3-BF4B-00C04F79EFBC}") = "caesarcipher", "caesarcipher\caesarcipher.csproj", "{12C4E239-35C4-4141-81C4-0A5FC4A21AAB}"
EndProject
Global
	GlobalSection(SolutionConfigurationPlatforms) = preSolution
		Debug|Any CPU = Debug|Any CPU
		Release|Any CPU = Release|Any CPU
	EndGlobalSection
	GlobalSection(ProjectConfigurationPlatforms) = postSolution
		{12C4E239-35C4-4141-81C4-0A5FC4A21AAB}.Debug|Any CPU.ActiveCfg = Debug|Any CPU
		{12C4E239-35C4-4141-81C4-0A5FC4A21AAB}.Debug|Any CPU.Build.0 = Debug|Any CPU
		{12C4E239-35C4-4141-81C4-0A5FC4A21AAB}.Release|Any CPU.ActiveCfg = Release|Any CPU
		{12C4E239-35C4-4141-81C4-0A5FC4A21AAB}.Release|Any CPU.Build.0 = Release|Any CPU
	EndGlobalSection
EndGlobal
